
Microsoft Visual Studio Solution File, Format Version 12.00
# Visual Studio Version 16
VisualStudioVersion = 16.0.32228.343
MinimumVisualStudioVersion = 10.0.40219.1
Project("{FAE04EC0-301F-11D3-BF4B-00C04F79EFBC}") = "buton", "buton\buton.csproj", "{0ADFD864-E3D9-4DB2-8A5D-F919734BE8DA}"
EndProject
Global
	GlobalSection(SolutionConfigurationPlatforms) = preSolution
		Debug|Any CPU = Debug|Any CPU
		Release|Any CPU = Release|Any CPU
	EndGlobalSection
	GlobalSection(ProjectConfigurationPlatforms) = postSolution
		{0ADFD864-E3D9-4DB2-8A5D-F919734BE8DA}.Debug|Any CPU.ActiveCfg = Debug|Any CPU
		{0ADFD864-E3D9-4DB2-8A5D-F919734BE8DA}.Debug|Any CPU.Build.0 = Debug|Any CPU
		{0ADFD864-E3D9-4DB2-8A5D-F919734BE8DA}.Release|Any CPU.ActiveCfg = Release|Any CPU
		{0ADFD864-E3D9-4DB2-8A5D-F919734BE8DA}.Release|Any CPU.Build.0 = Release|Any CPU
	EndGlobalSection
	GlobalSection(SolutionProperties) = preSolution
		HideSolutionNode = FALSE
	EndGlobalSection
	GlobalSection(ExtensibilityGlobals) = postSolution
		SolutionGuid = {8070E03C-B78E-42FA-B85A-1E9B56CC2232}
	EndGlobalSection
EndGlobal
