
Microsoft Visual Studio Solution File, Format Version 12.00
# Visual Studio Version 16
VisualStudioVersion = 16.0.32228.343
MinimumVisualStudioVersion = 10.0.40219.1
Project("{FAE04EC0-301F-11D3-BF4B-00C04F79EFBC}") = "toolbarcontrol", "toolbarcontrol\toolbarcontrol.csproj", "{50CAFB37-12E7-46A0-82C3-E24E7C60823B}"
EndProject
Global
	GlobalSection(SolutionConfigurationPlatforms) = preSolution
		Debug|Any CPU = Debug|Any CPU
		Release|Any CPU = Release|Any CPU
	EndGlobalSection
	GlobalSection(ProjectConfigurationPlatforms) = postSolution
		{50CAFB37-12E7-46A0-82C3-E24E7C60823B}.Debug|Any CPU.ActiveCfg = Debug|Any CPU
		{50CAFB37-12E7-46A0-82C3-E24E7C60823B}.Debug|Any CPU.Build.0 = Debug|Any CPU
		{50CAFB37-12E7-46A0-82C3-E24E7C60823B}.Release|Any CPU.ActiveCfg = Release|Any CPU
		{50CAFB37-12E7-46A0-82C3-E24E7C60823B}.Release|Any CPU.Build.0 = Release|Any CPU
	EndGlobalSection
	GlobalSection(SolutionProperties) = preSolution
		HideSolutionNode = FALSE
	EndGlobalSection
	GlobalSection(ExtensibilityGlobals) = postSolution
		SolutionGuid = {E14D0451-79D3-4324-A0B8-9646495ADFB0}
	EndGlobalSection
EndGlobal
