
Microsoft Visual Studio Solution File, Format Version 12.00
# Visual Studio Version 16
VisualStudioVersion = 16.0.32228.343
MinimumVisualStudioVersion = 10.0.40219.1
Project("{FAE04EC0-301F-11D3-BF4B-00C04F79EFBC}") = "dosya seçme türleri ve başlanc klsr filtreleme", "dosya seçme türleri ve başlanc klsr filtreleme\dosya seçme türleri ve başlanc klsr filtreleme.csproj", "{0B580317-1DED-4A9A-9A41-060781E55A2D}"
EndProject
Global
	GlobalSection(SolutionConfigurationPlatforms) = preSolution
		Debug|Any CPU = Debug|Any CPU
		Release|Any CPU = Release|Any CPU
	EndGlobalSection
	GlobalSection(ProjectConfigurationPlatforms) = postSolution
		{0B580317-1DED-4A9A-9A41-060781E55A2D}.Debug|Any CPU.ActiveCfg = Debug|Any CPU
		{0B580317-1DED-4A9A-9A41-060781E55A2D}.Debug|Any CPU.Build.0 = Debug|Any CPU
		{0B580317-1DED-4A9A-9A41-060781E55A2D}.Release|Any CPU.ActiveCfg = Release|Any CPU
		{0B580317-1DED-4A9A-9A41-060781E55A2D}.Release|Any CPU.Build.0 = Release|Any CPU
	EndGlobalSection
	GlobalSection(SolutionProperties) = preSolution
		HideSolutionNode = FALSE
	EndGlobalSection
	GlobalSection(ExtensibilityGlobals) = postSolution
		SolutionGuid = {2795F090-08FF-4735-8CCC-30C67CC8172D}
	EndGlobalSection
EndGlobal
