
Microsoft Visual Studio Solution File, Format Version 12.00
# Visual Studio Version 16
VisualStudioVersion = 16.0.32228.343
MinimumVisualStudioVersion = 10.0.40219.1
Project("{FAE04EC0-301F-11D3-BF4B-00C04F79EFBC}") = "login", "login\login.csproj", "{131F3A49-C228-47D0-B5E4-E0025021EA82}"
EndProject
Global
	GlobalSection(SolutionConfigurationPlatforms) = preSolution
		Debug|Any CPU = Debug|Any CPU
		Release|Any CPU = Release|Any CPU
	EndGlobalSection
	GlobalSection(ProjectConfigurationPlatforms) = postSolution
		{131F3A49-C228-47D0-B5E4-E0025021EA82}.Debug|Any CPU.ActiveCfg = Debug|Any CPU
		{131F3A49-C228-47D0-B5E4-E0025021EA82}.Debug|Any CPU.Build.0 = Debug|Any CPU
		{131F3A49-C228-47D0-B5E4-E0025021EA82}.Release|Any CPU.ActiveCfg = Release|Any CPU
		{131F3A49-C228-47D0-B5E4-E0025021EA82}.Release|Any CPU.Build.0 = Release|Any CPU
	EndGlobalSection
	GlobalSection(SolutionProperties) = preSolution
		HideSolutionNode = FALSE
	EndGlobalSection
	GlobalSection(ExtensibilityGlobals) = postSolution
		SolutionGuid = {29458769-5CB0-4906-9251-7DEC212DA6DE}
	EndGlobalSection
EndGlobal
