
Microsoft Visual Studio Solution File, Format Version 12.00
# Visual Studio Version 16
VisualStudioVersion = 16.0.32228.343
MinimumVisualStudioVersion = 10.0.40219.1
Project("{FAE04EC0-301F-11D3-BF4B-00C04F79EFBC}") = "calender(takvim)", "calender(takvim)\calender(takvim).csproj", "{9E6E03F6-3D53-437C-960D-56DCC4182371}"
EndProject
Global
	GlobalSection(SolutionConfigurationPlatforms) = preSolution
		Debug|Any CPU = Debug|Any CPU
		Release|Any CPU = Release|Any CPU
	EndGlobalSection
	GlobalSection(ProjectConfigurationPlatforms) = postSolution
		{9E6E03F6-3D53-437C-960D-56DCC4182371}.Debug|Any CPU.ActiveCfg = Debug|Any CPU
		{9E6E03F6-3D53-437C-960D-56DCC4182371}.Debug|Any CPU.Build.0 = Debug|Any CPU
		{9E6E03F6-3D53-437C-960D-56DCC4182371}.Release|Any CPU.ActiveCfg = Release|Any CPU
		{9E6E03F6-3D53-437C-960D-56DCC4182371}.Release|Any CPU.Build.0 = Release|Any CPU
	EndGlobalSection
	GlobalSection(SolutionProperties) = preSolution
		HideSolutionNode = FALSE
	EndGlobalSection
	GlobalSection(ExtensibilityGlobals) = postSolution
		SolutionGuid = {0BD51846-4CF5-454E-813B-AB5BD0A69C12}
	EndGlobalSection
EndGlobal
