
Microsoft Visual Studio Solution File, Format Version 12.00
# Visual Studio Version 16
VisualStudioVersion = 16.0.32228.343
MinimumVisualStudioVersion = 10.0.40219.1
Project("{FAE04EC0-301F-11D3-BF4B-00C04F79EFBC}") = "Grids", "Grids\Grids.csproj", "{B6C21990-CA3C-4150-9AE0-E81A0DC3EFBD}"
EndProject
Global
	GlobalSection(SolutionConfigurationPlatforms) = preSolution
		Debug|Any CPU = Debug|Any CPU
		Release|Any CPU = Release|Any CPU
	EndGlobalSection
	GlobalSection(ProjectConfigurationPlatforms) = postSolution
		{B6C21990-CA3C-4150-9AE0-E81A0DC3EFBD}.Debug|Any CPU.ActiveCfg = Debug|Any CPU
		{B6C21990-CA3C-4150-9AE0-E81A0DC3EFBD}.Debug|Any CPU.Build.0 = Debug|Any CPU
		{B6C21990-CA3C-4150-9AE0-E81A0DC3EFBD}.Release|Any CPU.ActiveCfg = Release|Any CPU
		{B6C21990-CA3C-4150-9AE0-E81A0DC3EFBD}.Release|Any CPU.Build.0 = Release|Any CPU
	EndGlobalSection
	GlobalSection(SolutionProperties) = preSolution
		HideSolutionNode = FALSE
	EndGlobalSection
	GlobalSection(ExtensibilityGlobals) = postSolution
		SolutionGuid = {C60812F9-49FB-469F-A02A-9CAA6DA5772A}
	EndGlobalSection
EndGlobal
