
Microsoft Visual Studio Solution File, Format Version 12.00
# Visual Studio Version 16
VisualStudioVersion = 16.0.32228.343
MinimumVisualStudioVersion = 10.0.40219.1
Project("{FAE04EC0-301F-11D3-BF4B-00C04F79EFBC}") = "login2", "login2\login2.csproj", "{92BA8E3F-DAF1-4753-8B26-1DF3E4C9AF13}"
EndProject
Global
	GlobalSection(SolutionConfigurationPlatforms) = preSolution
		Debug|Any CPU = Debug|Any CPU
		Release|Any CPU = Release|Any CPU
	EndGlobalSection
	GlobalSection(ProjectConfigurationPlatforms) = postSolution
		{92BA8E3F-DAF1-4753-8B26-1DF3E4C9AF13}.Debug|Any CPU.ActiveCfg = Debug|Any CPU
		{92BA8E3F-DAF1-4753-8B26-1DF3E4C9AF13}.Debug|Any CPU.Build.0 = Debug|Any CPU
		{92BA8E3F-DAF1-4753-8B26-1DF3E4C9AF13}.Release|Any CPU.ActiveCfg = Release|Any CPU
		{92BA8E3F-DAF1-4753-8B26-1DF3E4C9AF13}.Release|Any CPU.Build.0 = Release|Any CPU
	EndGlobalSection
	GlobalSection(SolutionProperties) = preSolution
		HideSolutionNode = FALSE
	EndGlobalSection
	GlobalSection(ExtensibilityGlobals) = postSolution
		SolutionGuid = {AD308BBF-794B-498B-8066-3B5DD840D52A}
	EndGlobalSection
EndGlobal
