
Microsoft Visual Studio Solution File, Format Version 12.00
# Visual Studio Version 16
VisualStudioVersion = 16.0.32228.343
MinimumVisualStudioVersion = 10.0.40219.1
Project("{FAE04EC0-301F-11D3-BF4B-00C04F79EFBC}") = "WpfApp1", "WpfApp1\WpfApp1.csproj", "{A0793062-B355-4641-9540-D6B35D58561E}"
EndProject
Global
	GlobalSection(SolutionConfigurationPlatforms) = preSolution
		Debug|Any CPU = Debug|Any CPU
		Release|Any CPU = Release|Any CPU
	EndGlobalSection
	GlobalSection(ProjectConfigurationPlatforms) = postSolution
		{A0793062-B355-4641-9540-D6B35D58561E}.Debug|Any CPU.ActiveCfg = Debug|Any CPU
		{A0793062-B355-4641-9540-D6B35D58561E}.Debug|Any CPU.Build.0 = Debug|Any CPU
		{A0793062-B355-4641-9540-D6B35D58561E}.Release|Any CPU.ActiveCfg = Release|Any CPU
		{A0793062-B355-4641-9540-D6B35D58561E}.Release|Any CPU.Build.0 = Release|Any CPU
	EndGlobalSection
	GlobalSection(SolutionProperties) = preSolution
		HideSolutionNode = FALSE
	EndGlobalSection
	GlobalSection(ExtensibilityGlobals) = postSolution
		SolutionGuid = {D651709E-B707-4718-A6EF-BC01AE34A21C}
	EndGlobalSection
EndGlobal
